
Microsoft Visual Studio Solution File, Format Version 12.00
# Visual Studio 15
VisualStudioVersion = 15.0.26730.15
MinimumVisualStudioVersion = 10.0.40219.1
Project("{8BC9CEB8-8B4A-11D0-8D11-00A0C91BC942}") = "Lab-0502", "Lab-0502\Lab-0502.vcxproj", "{A7F8D894-774D-4268-B8DB-CDD89302C081}"
EndProject
Global
	GlobalSection(SolutionConfigurationPlatforms) = preSolution
		Debug|x64 = Debug|x64
		Debug|x86 = Debug|x86
		Release|x64 = Release|x64
		Release|x86 = Release|x86
	EndGlobalSection
	GlobalSection(ProjectConfigurationPlatforms) = postSolution
		{A7F8D894-774D-4268-B8DB-CDD89302C081}.Debug|x64.ActiveCfg = Debug|x64
		{A7F8D894-774D-4268-B8DB-CDD89302C081}.Debug|x64.Build.0 = Debug|x64
		{A7F8D894-774D-4268-B8DB-CDD89302C081}.Debug|x86.ActiveCfg = Debug|Win32
		{A7F8D894-774D-4268-B8DB-CDD89302C081}.Debug|x86.Build.0 = Debug|Win32
		{A7F8D894-774D-4268-B8DB-CDD89302C081}.Release|x64.ActiveCfg = Release|x64
		{A7F8D894-774D-4268-B8DB-CDD89302C081}.Release|x64.Build.0 = Release|x64
		{A7F8D894-774D-4268-B8DB-CDD89302C081}.Release|x86.ActiveCfg = Release|Win32
		{A7F8D894-774D-4268-B8DB-CDD89302C081}.Release|x86.Build.0 = Release|Win32
	EndGlobalSection
	GlobalSection(SolutionProperties) = preSolution
		HideSolutionNode = FALSE
	EndGlobalSection
	GlobalSection(ExtensibilityGlobals) = postSolution
		SolutionGuid = {E6D10477-9A45-45F5-99A6-DA478C68D1A7}
	EndGlobalSection
EndGlobal
